
Microsoft Visual Studio Solution File, Format Version 12.00
# Visual Studio Version 16
VisualStudioVersion = 16.0.31019.35
MinimumVisualStudioVersion = 10.0.40219.1
Project("{FAE04EC0-301F-11D3-BF4B-00C04F79EFBC}") = "Itau.API", "Itau.API\Itau.API.csproj", "{47090BC7-CE2B-4D1B-B0FA-905B84DABC4F}"
EndProject
Global
	GlobalSection(SolutionConfigurationPlatforms) = preSolution
		Debug|Any CPU = Debug|Any CPU
		Release|Any CPU = Release|Any CPU
	EndGlobalSection
	GlobalSection(ProjectConfigurationPlatforms) = postSolution
		{47090BC7-CE2B-4D1B-B0FA-905B84DABC4F}.Debug|Any CPU.ActiveCfg = Debug|Any CPU
		{47090BC7-CE2B-4D1B-B0FA-905B84DABC4F}.Debug|Any CPU.Build.0 = Debug|Any CPU
		{47090BC7-CE2B-4D1B-B0FA-905B84DABC4F}.Release|Any CPU.ActiveCfg = Release|Any CPU
		{47090BC7-CE2B-4D1B-B0FA-905B84DABC4F}.Release|Any CPU.Build.0 = Release|Any CPU
	EndGlobalSection
	GlobalSection(SolutionProperties) = preSolution
		HideSolutionNode = FALSE
	EndGlobalSection
	GlobalSection(ExtensibilityGlobals) = postSolution
		SolutionGuid = {A318C5D2-661B-47AA-B7DB-EEC724B616C4}
	EndGlobalSection
EndGlobal
